
Microsoft Visual Studio Solution File, Format Version 12.00
# Visual Studio Version 16
VisualStudioVersion = 16.0.30114.105
MinimumVisualStudioVersion = 10.0.40219.1
Project("{FAE04EC0-301F-11D3-BF4B-00C04F79EFBC}") = "NEWgIT.Infrastructure", "NEWgIT.Infrastructure\NEWgIT.Infrastructure.csproj", "{476040DE-A138-414B-B4A0-C01084088DEA}"
EndProject
Project("{FAE04EC0-301F-11D3-BF4B-00C04F79EFBC}") = "NEWgIT.Core", "NEWgIT.Core\NEWgIT.Core.csproj", "{95F4189A-3FBE-48E2-A383-699032D077E6}"
EndProject
Project("{FAE04EC0-301F-11D3-BF4B-00C04F79EFBC}") = "NEWgIT.Infrastructure.Tests", "NEWgIT.Infrastructure.Tests\NEWgIT.Infrastructure.Tests.csproj", "{ECBEAEFB-87D2-4A51-AAB4-4066E524F670}"
EndProject
Project("{FAE04EC0-301F-11D3-BF4B-00C04F79EFBC}") = "NEWgIT.Core.Tests", "NEWgIT.Core.Tests\NEWgIT.Core.Tests.csproj", "{D98C51FA-B841-4771-98DB-052350DEC8F1}"
EndProject
Project("{FAE04EC0-301F-11D3-BF4B-00C04F79EFBC}") = "NEWgIT.Client", "NEWgIT.Client\NEWgIT.Client.csproj", "{034BBDE4-A096-43E4-9C90-D7B16FED7AEE}"
EndProject
Project("{FAE04EC0-301F-11D3-BF4B-00C04F79EFBC}") = "NEWgIT.Api", "NEWgIT.Api\NEWgIT.Api.csproj", "{6B1AF020-E0BB-438F-A574-FB341EDF9C9C}"
EndProject
Project("{FAE04EC0-301F-11D3-BF4B-00C04F79EFBC}") = "NEWgIT.Api.Tests", "NEWgIT.Api.Tests\NEWgIT.Api.Tests.csproj", "{12EFBE39-C266-43CE-847F-A61F190AE77D}"
EndProject
Global
	GlobalSection(SolutionConfigurationPlatforms) = preSolution
		Debug|Any CPU = Debug|Any CPU
		Release|Any CPU = Release|Any CPU
	EndGlobalSection
	GlobalSection(SolutionProperties) = preSolution
		HideSolutionNode = FALSE
	EndGlobalSection
	GlobalSection(ProjectConfigurationPlatforms) = postSolution
		{476040DE-A138-414B-B4A0-C01084088DEA}.Debug|Any CPU.ActiveCfg = Debug|Any CPU
		{476040DE-A138-414B-B4A0-C01084088DEA}.Debug|Any CPU.Build.0 = Debug|Any CPU
		{476040DE-A138-414B-B4A0-C01084088DEA}.Release|Any CPU.ActiveCfg = Release|Any CPU
		{476040DE-A138-414B-B4A0-C01084088DEA}.Release|Any CPU.Build.0 = Release|Any CPU
		{95F4189A-3FBE-48E2-A383-699032D077E6}.Debug|Any CPU.ActiveCfg = Debug|Any CPU
		{95F4189A-3FBE-48E2-A383-699032D077E6}.Debug|Any CPU.Build.0 = Debug|Any CPU
		{95F4189A-3FBE-48E2-A383-699032D077E6}.Release|Any CPU.ActiveCfg = Release|Any CPU
		{95F4189A-3FBE-48E2-A383-699032D077E6}.Release|Any CPU.Build.0 = Release|Any CPU
		{ECBEAEFB-87D2-4A51-AAB4-4066E524F670}.Debug|Any CPU.ActiveCfg = Debug|Any CPU
		{ECBEAEFB-87D2-4A51-AAB4-4066E524F670}.Debug|Any CPU.Build.0 = Debug|Any CPU
		{ECBEAEFB-87D2-4A51-AAB4-4066E524F670}.Release|Any CPU.ActiveCfg = Release|Any CPU
		{ECBEAEFB-87D2-4A51-AAB4-4066E524F670}.Release|Any CPU.Build.0 = Release|Any CPU
		{D98C51FA-B841-4771-98DB-052350DEC8F1}.Debug|Any CPU.ActiveCfg = Debug|Any CPU
		{D98C51FA-B841-4771-98DB-052350DEC8F1}.Debug|Any CPU.Build.0 = Debug|Any CPU
		{D98C51FA-B841-4771-98DB-052350DEC8F1}.Release|Any CPU.ActiveCfg = Release|Any CPU
		{D98C51FA-B841-4771-98DB-052350DEC8F1}.Release|Any CPU.Build.0 = Release|Any CPU
		{034BBDE4-A096-43E4-9C90-D7B16FED7AEE}.Debug|Any CPU.ActiveCfg = Debug|Any CPU
		{034BBDE4-A096-43E4-9C90-D7B16FED7AEE}.Debug|Any CPU.Build.0 = Debug|Any CPU
		{034BBDE4-A096-43E4-9C90-D7B16FED7AEE}.Release|Any CPU.ActiveCfg = Release|Any CPU
		{034BBDE4-A096-43E4-9C90-D7B16FED7AEE}.Release|Any CPU.Build.0 = Release|Any CPU
		{6B1AF020-E0BB-438F-A574-FB341EDF9C9C}.Debug|Any CPU.ActiveCfg = Debug|Any CPU
		{6B1AF020-E0BB-438F-A574-FB341EDF9C9C}.Debug|Any CPU.Build.0 = Debug|Any CPU
		{6B1AF020-E0BB-438F-A574-FB341EDF9C9C}.Release|Any CPU.ActiveCfg = Release|Any CPU
		{6B1AF020-E0BB-438F-A574-FB341EDF9C9C}.Release|Any CPU.Build.0 = Release|Any CPU
		{12EFBE39-C266-43CE-847F-A61F190AE77D}.Debug|Any CPU.ActiveCfg = Debug|Any CPU
		{12EFBE39-C266-43CE-847F-A61F190AE77D}.Debug|Any CPU.Build.0 = Debug|Any CPU
		{12EFBE39-C266-43CE-847F-A61F190AE77D}.Release|Any CPU.ActiveCfg = Release|Any CPU
		{12EFBE39-C266-43CE-847F-A61F190AE77D}.Release|Any CPU.Build.0 = Release|Any CPU
	EndGlobalSection
EndGlobal
