
Microsoft Visual Studio Solution File, Format Version 12.00
# Visual Studio Version 16
VisualStudioVersion = 16.0.30114.105
MinimumVisualStudioVersion = 10.0.40219.1
Project("{FAE04EC0-301F-11D3-BF4B-00C04F79EFBC}") = "NEWgIT", "NEWgIT\NEWgIT.csproj", "{5A0870BC-6C54-4D46-BCF3-D44F5C595278}"
EndProject
Project("{FAE04EC0-301F-11D3-BF4B-00C04F79EFBC}") = "NEWgIT.Tests", "NEWgIT.Tests\NEWgIT.Tests.csproj", "{7AF80AE5-A9FF-43A7-A7AF-26C73800D720}"
EndProject
Project("{FAE04EC0-301F-11D3-BF4B-00C04F79EFBC}") = "NEWgIT.Infrastructure", "NEWgIT.Infrastructure\NEWgIT.Infrastructure.csproj", "{476040DE-A138-414B-B4A0-C01084088DEA}"
EndProject
Project("{FAE04EC0-301F-11D3-BF4B-00C04F79EFBC}") = "NEWgIT.Core", "NEWgIT.Core\NEWgIT.Core.csproj", "{95F4189A-3FBE-48E2-A383-699032D077E6}"
EndProject
Project("{FAE04EC0-301F-11D3-BF4B-00C04F79EFBC}") = "NEWgIT.Infrastructure.Tests", "NEWgIT.Infrastructure.Tests\NEWgIT.Infrastructure.Tests.csproj", "{ECBEAEFB-87D2-4A51-AAB4-4066E524F670}"
EndProject
Global
	GlobalSection(SolutionConfigurationPlatforms) = preSolution
		Debug|Any CPU = Debug|Any CPU
		Release|Any CPU = Release|Any CPU
	EndGlobalSection
	GlobalSection(SolutionProperties) = preSolution
		HideSolutionNode = FALSE
	EndGlobalSection
	GlobalSection(ProjectConfigurationPlatforms) = postSolution
		{5A0870BC-6C54-4D46-BCF3-D44F5C595278}.Debug|Any CPU.ActiveCfg = Debug|Any CPU
		{5A0870BC-6C54-4D46-BCF3-D44F5C595278}.Debug|Any CPU.Build.0 = Debug|Any CPU
		{5A0870BC-6C54-4D46-BCF3-D44F5C595278}.Release|Any CPU.ActiveCfg = Release|Any CPU
		{5A0870BC-6C54-4D46-BCF3-D44F5C595278}.Release|Any CPU.Build.0 = Release|Any CPU
		{7AF80AE5-A9FF-43A7-A7AF-26C73800D720}.Debug|Any CPU.ActiveCfg = Debug|Any CPU
		{7AF80AE5-A9FF-43A7-A7AF-26C73800D720}.Debug|Any CPU.Build.0 = Debug|Any CPU
		{7AF80AE5-A9FF-43A7-A7AF-26C73800D720}.Release|Any CPU.ActiveCfg = Release|Any CPU
		{7AF80AE5-A9FF-43A7-A7AF-26C73800D720}.Release|Any CPU.Build.0 = Release|Any CPU
		{476040DE-A138-414B-B4A0-C01084088DEA}.Debug|Any CPU.ActiveCfg = Debug|Any CPU
		{476040DE-A138-414B-B4A0-C01084088DEA}.Debug|Any CPU.Build.0 = Debug|Any CPU
		{476040DE-A138-414B-B4A0-C01084088DEA}.Release|Any CPU.ActiveCfg = Release|Any CPU
		{476040DE-A138-414B-B4A0-C01084088DEA}.Release|Any CPU.Build.0 = Release|Any CPU
		{95F4189A-3FBE-48E2-A383-699032D077E6}.Debug|Any CPU.ActiveCfg = Debug|Any CPU
		{95F4189A-3FBE-48E2-A383-699032D077E6}.Debug|Any CPU.Build.0 = Debug|Any CPU
		{95F4189A-3FBE-48E2-A383-699032D077E6}.Release|Any CPU.ActiveCfg = Release|Any CPU
		{95F4189A-3FBE-48E2-A383-699032D077E6}.Release|Any CPU.Build.0 = Release|Any CPU
		{ECBEAEFB-87D2-4A51-AAB4-4066E524F670}.Debug|Any CPU.ActiveCfg = Debug|Any CPU
		{ECBEAEFB-87D2-4A51-AAB4-4066E524F670}.Debug|Any CPU.Build.0 = Debug|Any CPU
		{ECBEAEFB-87D2-4A51-AAB4-4066E524F670}.Release|Any CPU.ActiveCfg = Release|Any CPU
		{ECBEAEFB-87D2-4A51-AAB4-4066E524F670}.Release|Any CPU.Build.0 = Release|Any CPU
	EndGlobalSection
EndGlobal
